
Microsoft Visual Studio Solution File, Format Version 12.00
# Visual Studio Version 17
VisualStudioVersion = 17.10.35027.167
MinimumVisualStudioVersion = 10.0.40219.1
Project("{FAE04EC0-301F-11D3-BF4B-00C04F79EFBC}") = "linq1", "linq1\linq1.csproj", "{F7105974-F092-4D03-8EE3-602F9E20E01D}"
EndProject
Global
	GlobalSection(SolutionConfigurationPlatforms) = preSolution
		Debug|Any CPU = Debug|Any CPU
		Release|Any CPU = Release|Any CPU
	EndGlobalSection
	GlobalSection(ProjectConfigurationPlatforms) = postSolution
		{F7105974-F092-4D03-8EE3-602F9E20E01D}.Debug|Any CPU.ActiveCfg = Debug|Any CPU
		{F7105974-F092-4D03-8EE3-602F9E20E01D}.Debug|Any CPU.Build.0 = Debug|Any CPU
		{F7105974-F092-4D03-8EE3-602F9E20E01D}.Release|Any CPU.ActiveCfg = Release|Any CPU
		{F7105974-F092-4D03-8EE3-602F9E20E01D}.Release|Any CPU.Build.0 = Release|Any CPU
	EndGlobalSection
	GlobalSection(SolutionProperties) = preSolution
		HideSolutionNode = FALSE
	EndGlobalSection
	GlobalSection(ExtensibilityGlobals) = postSolution
		SolutionGuid = {8ED41A04-4577-47A8-A240-AD4FB3FFB9D9}
	EndGlobalSection
EndGlobal
